
Microsoft Visual Studio Solution File, Format Version 12.00
# Visual Studio Version 16
VisualStudioVersion = 16.0.31129.286
MinimumVisualStudioVersion = 10.0.40219.1
Project("{FAE04EC0-301F-11D3-BF4B-00C04F79EFBC}") = "Migrator", "Migrator\Migrator.csproj", "{41AE3955-BE8A-4611-95F4-F56AE67BE2EF}"
EndProject
Global
	GlobalSection(SolutionConfigurationPlatforms) = preSolution
		Debug|Any CPU = Debug|Any CPU
		Release|Any CPU = Release|Any CPU
	EndGlobalSection
	GlobalSection(ProjectConfigurationPlatforms) = postSolution
		{41AE3955-BE8A-4611-95F4-F56AE67BE2EF}.Debug|Any CPU.ActiveCfg = Debug|Any CPU
		{41AE3955-BE8A-4611-95F4-F56AE67BE2EF}.Debug|Any CPU.Build.0 = Debug|Any CPU
		{41AE3955-BE8A-4611-95F4-F56AE67BE2EF}.Release|Any CPU.ActiveCfg = Release|Any CPU
		{41AE3955-BE8A-4611-95F4-F56AE67BE2EF}.Release|Any CPU.Build.0 = Release|Any CPU
	EndGlobalSection
	GlobalSection(SolutionProperties) = preSolution
		HideSolutionNode = FALSE
	EndGlobalSection
	GlobalSection(ExtensibilityGlobals) = postSolution
		SolutionGuid = {0AF07D41-F6B9-4A9A-A6FF-32AB12D86567}
	EndGlobalSection
EndGlobal
